<?xml version="1.0" encoding="utf-8"?>
<Project ToolsVersion="4.0" xmlns="http://schemas.microsoft.com/developer/msbuild/2003">
  <ItemGroup>
    <Filter Include="源文件">
      <UniqueIdentifier>{4FC737F1-C7A5-4376-A066-2A32D752A2FF}</UniqueIdentifier>
      <Extensions>cpp;c;cc;cxx;def;odl;idl;hpj;bat;asm;asmx</Extensions>
    </Filter>
    <Filter Include="资源文件">
      <UniqueIdentifier>{67DA6AB6-F800-4c08-8B7A-83BB121AAD01}</UniqueIdentifier>
      <Extensions>rc;ico;cur;bmp;dlg;rc2;rct;bin;rgs;gif;jpg;jpeg;jpe;resx;tiff;tif;png;wav;mfcribbon-ms</Extensions>
    </Filter>
    <Filter Include="Declaration">
      <UniqueIdentifier>{0d9b6134-b7f4-4a91-a8ec-ddb2b587e75f}</UniqueIdentifier>
    </Filter>
    <Filter Include="Implementation">
      <UniqueIdentifier>{182f9dcd-c0de-4fc6-8aa5-faf836ff6d09}</UniqueIdentifier>
    </Filter>
    <Filter Include="TestCase">
      <UniqueIdentifier>{07d63db0-6d23-42e9-bf9a-0d7768c4c6d2}</UniqueIdentifier>
    </Filter>
  </ItemGroup>
  <ItemGroup>
    <ClInclude Include="Declaration\alloc.h">
      <Filter>Declaration</Filter>
    </ClInclude>
    <ClInclude Include="Declaration\allocator.h">
      <Filter>Declaration</Filter>
    </ClInclude>
    <ClInclude Include="Declaration\construct.h">
      <Filter>Declaration</Filter>
    </ClInclude>
    <ClInclude Include="Declaration\iterator.h">
      <Filter>Declaration</Filter>
    </ClInclude>
    <ClInclude Include="Declaration\string.h">
      <Filter>Declaration</Filter>
    </ClInclude>
    <ClInclude Include="Declaration\type_traits.h">
      <Filter>Declaration</Filter>
    </ClInclude>
    <ClInclude Include="Declaration\uninitialized_functions.h">
      <Filter>Declaration</Filter>
    </ClInclude>
    <ClInclude Include="Declaration\vector.h">
      <Filter>Declaration</Filter>
    </ClInclude>
    <ClInclude Include="Implementation\vector_impl.h">
      <Filter>Implementation</Filter>
    </ClInclude>
    <ClInclude Include="TestCase\test_allocator.h">
      <Filter>TestCase</Filter>
    </ClInclude>
    <ClInclude Include="TestCase\test_vector.h">
      <Filter>TestCase</Filter>
    </ClInclude>
    <ClInclude Include="Declaration\reverse_iterator.h">
      <Filter>Declaration</Filter>
    </ClInclude>
  </ItemGroup>
  <ItemGroup>
    <ClCompile Include="Implementation\alloc_impl.cpp">
      <Filter>Implementation</Filter>
    </ClCompile>
    <ClCompile Include="TestCase\test_vector.cpp">
      <Filter>TestCase</Filter>
    </ClCompile>
    <ClCompile Include="main.cpp">
      <Filter>源文件</Filter>
    </ClCompile>
  </ItemGroup>
</Project>